
Microsoft Visual Studio Solution File, Format Version 12.00
# Visual Studio Version 17
VisualStudioVersion = 17.11.35327.3
MinimumVisualStudioVersion = 10.0.40219.1
Project("{FAE04EC0-301F-11D3-BF4B-00C04F79EFBC}") = "DbFirstApproach", "DbFirstApproach\DbFirstApproach.csproj", "{4FD2E29C-37F0-498C-A4B9-459836830AFD}"
EndProject
Global
	GlobalSection(SolutionConfigurationPlatforms) = preSolution
		Debug|Any CPU = Debug|Any CPU
		Release|Any CPU = Release|Any CPU
	EndGlobalSection
	GlobalSection(ProjectConfigurationPlatforms) = postSolution
		{4FD2E29C-37F0-498C-A4B9-459836830AFD}.Debug|Any CPU.ActiveCfg = Debug|Any CPU
		{4FD2E29C-37F0-498C-A4B9-459836830AFD}.Debug|Any CPU.Build.0 = Debug|Any CPU
		{4FD2E29C-37F0-498C-A4B9-459836830AFD}.Release|Any CPU.ActiveCfg = Release|Any CPU
		{4FD2E29C-37F0-498C-A4B9-459836830AFD}.Release|Any CPU.Build.0 = Release|Any CPU
	EndGlobalSection
	GlobalSection(SolutionProperties) = preSolution
		HideSolutionNode = FALSE
	EndGlobalSection
	GlobalSection(ExtensibilityGlobals) = postSolution
		SolutionGuid = {11EDEFA0-0A19-4075-AF51-550813135F95}
	EndGlobalSection
EndGlobal
